
Microsoft Visual Studio Solution File, Format Version 12.00
# Visual Studio Version 17
VisualStudioVersion = 17.3.32922.545
MinimumVisualStudioVersion = 10.0.40219.1
Project("{8BC9CEB8-8B4A-11D0-8D11-00A0C91BC942}") = "MineSweeper", "MineSweeper\MineSweeper.vcxproj", "{897AE575-D7DA-434B-8E1F-3014A3F1CA46}"
EndProject
Global
	GlobalSection(SolutionConfigurationPlatforms) = preSolution
		Debug|x64 = Debug|x64
		Debug|x86 = Debug|x86
		Release|x64 = Release|x64
		Release|x86 = Release|x86
	EndGlobalSection
	GlobalSection(ProjectConfigurationPlatforms) = postSolution
		{897AE575-D7DA-434B-8E1F-3014A3F1CA46}.Debug|x64.ActiveCfg = Debug|x64
		{897AE575-D7DA-434B-8E1F-3014A3F1CA46}.Debug|x64.Build.0 = Debug|x64
		{897AE575-D7DA-434B-8E1F-3014A3F1CA46}.Debug|x86.ActiveCfg = Debug|Win32
		{897AE575-D7DA-434B-8E1F-3014A3F1CA46}.Debug|x86.Build.0 = Debug|Win32
		{897AE575-D7DA-434B-8E1F-3014A3F1CA46}.Release|x64.ActiveCfg = Release|x64
		{897AE575-D7DA-434B-8E1F-3014A3F1CA46}.Release|x64.Build.0 = Release|x64
		{897AE575-D7DA-434B-8E1F-3014A3F1CA46}.Release|x86.ActiveCfg = Release|Win32
		{897AE575-D7DA-434B-8E1F-3014A3F1CA46}.Release|x86.Build.0 = Release|Win32
	EndGlobalSection
	GlobalSection(SolutionProperties) = preSolution
		HideSolutionNode = FALSE
	EndGlobalSection
	GlobalSection(ExtensibilityGlobals) = postSolution
		SolutionGuid = {406863CF-9EC6-45B8-841B-5ABA3028B99B}
	EndGlobalSection
EndGlobal
